
Microsoft Visual Studio Solution File, Format Version 12.00
# Visual Studio 15
Project("{FAE04EC0-301F-11D3-BF4B-00C04F79EFBC}") = "Unity.Timeline", "Unity.Timeline.csproj", "{5147A554-1B70-9A78-A305-5F73E89AFF67}"
EndProject
Project("{FAE04EC0-301F-11D3-BF4B-00C04F79EFBC}") = "Unity.Timeline.Editor", "Unity.Timeline.Editor.csproj", "{6D805337-4156-5287-33D1-C129F608224F}"
EndProject
Project("{FAE04EC0-301F-11D3-BF4B-00C04F79EFBC}") = "Unity.2D.Tilemap.Editor", "Unity.2D.Tilemap.Editor.csproj", "{3C39CA80-F634-B223-3F5C-FF4D552284E4}"
EndProject
Project("{FAE04EC0-301F-11D3-BF4B-00C04F79EFBC}") = "Unity.TextMeshPro.Editor", "Unity.TextMeshPro.Editor.csproj", "{B1B3AD63-F610-9797-7F4A-BEB5C68F006F}"
EndProject
Project("{FAE04EC0-301F-11D3-BF4B-00C04F79EFBC}") = "Unity.2D.Aseprite.Editor", "Unity.2D.Aseprite.Editor.csproj", "{815C889D-84E8-6E26-958B-74CE31CF550D}"
EndProject
Project("{FAE04EC0-301F-11D3-BF4B-00C04F79EFBC}") = "Unity.VisualScripting.Flow", "Unity.VisualScripting.Flow.csproj", "{BF577DAD-B87B-5B0D-B1B8-89A29D24BCB2}"
EndProject
Project("{FAE04EC0-301F-11D3-BF4B-00C04F79EFBC}") = "UnityEditor.UI", "UnityEditor.UI.csproj", "{69E6FFC7-37D4-FA1F-A140-E5930C83C573}"
EndProject
Project("{FAE04EC0-301F-11D3-BF4B-00C04F79EFBC}") = "Unity.PlasticSCM.Editor", "Unity.PlasticSCM.Editor.csproj", "{A3FA94E7-FA5C-493D-2DCA-71337AE3FC61}"
EndProject
Project("{FAE04EC0-301F-11D3-BF4B-00C04F79EFBC}") = "Unity.2D.Psdimporter.Editor", "Unity.2D.Psdimporter.Editor.csproj", "{9DFE7A01-7FE2-6FCE-4C02-90253941B000}"
EndProject
Project("{FAE04EC0-301F-11D3-BF4B-00C04F79EFBC}") = "Unity.InputSystem", "Unity.InputSystem.csproj", "{8003E74E-3DAE-5718-560B-670D4AF09A23}"
EndProject
Project("{FAE04EC0-301F-11D3-BF4B-00C04F79EFBC}") = "Unity.VisualScripting.Core", "Unity.VisualScripting.Core.csproj", "{85867738-2DE3-54C0-A8E1-D9EBDB1AB8D7}"
EndProject
Project("{FAE04EC0-301F-11D3-BF4B-00C04F79EFBC}") = "Assembly-CSharp", "Assembly-CSharp.csproj", "{4ADB48AC-25C0-58CC-D4C3-61CFEFF1FBC2}"
EndProject
Project("{FAE04EC0-301F-11D3-BF4B-00C04F79EFBC}") = "Unity.Mathematics", "Unity.Mathematics.csproj", "{1EA8A19C-52F5-CCE1-B297-744EF324B708}"
EndProject
Project("{FAE04EC0-301F-11D3-BF4B-00C04F79EFBC}") = "Unity.2D.Animation.Editor", "Unity.2D.Animation.Editor.csproj", "{A15F6C3E-66B8-B812-5BF6-03B7BDA2049E}"
EndProject
Project("{FAE04EC0-301F-11D3-BF4B-00C04F79EFBC}") = "Unity.2D.Common.Path.Editor", "Unity.2D.Common.Path.Editor.csproj", "{281CEAB8-063B-7DD4-375C-4DAFD72367B6}"
EndProject
Project("{FAE04EC0-301F-11D3-BF4B-00C04F79EFBC}") = "Cinemachine", "Cinemachine.csproj", "{543FA1D8-05DD-0B2D-5C85-3BD7BB9BC9B6}"
EndProject
Project("{FAE04EC0-301F-11D3-BF4B-00C04F79EFBC}") = "Unity.VisualScripting.Core.Editor", "Unity.VisualScripting.Core.Editor.csproj", "{EEB2B1BF-78A4-FE29-EC5B-AA9CD78F495F}"
EndProject
Project("{FAE04EC0-301F-11D3-BF4B-00C04F79EFBC}") = "Unity.2D.IK.Runtime", "Unity.2D.IK.Runtime.csproj", "{A331335A-754E-5762-4E5A-F7C926A3F826}"
EndProject
Project("{FAE04EC0-301F-11D3-BF4B-00C04F79EFBC}") = "Unity.VisualScripting.Flow.Editor", "Unity.VisualScripting.Flow.Editor.csproj", "{9923BDE6-C8CA-5854-B6A7-044B8D44B3C0}"
EndProject
Project("{FAE04EC0-301F-11D3-BF4B-00C04F79EFBC}") = "UnityEditor.TestRunner", "UnityEditor.TestRunner.csproj", "{7E28A2D3-7653-E4BC-43E7-9EA8BE4E43B0}"
EndProject
Project("{FAE04EC0-301F-11D3-BF4B-00C04F79EFBC}") = "Unity.VisualScripting.SettingsProvider.Editor", "Unity.VisualScripting.SettingsProvider.Editor.csproj", "{092D25D5-598E-6F02-A481-299D2999DF75}"
EndProject
Project("{FAE04EC0-301F-11D3-BF4B-00C04F79EFBC}") = "UnityEngine.TestRunner", "UnityEngine.TestRunner.csproj", "{88760A0E-16A8-4A73-1A3A-1818E8C6D40A}"
EndProject
Project("{FAE04EC0-301F-11D3-BF4B-00C04F79EFBC}") = "PsdPlugin", "PsdPlugin.csproj", "{697AAE9D-984B-13F6-9437-B01DAC4A2C28}"
EndProject
Project("{FAE04EC0-301F-11D3-BF4B-00C04F79EFBC}") = "Unity.Burst", "Unity.Burst.csproj", "{7BB86242-9C89-C779-9AFD-54CBFED55700}"
EndProject
Project("{FAE04EC0-301F-11D3-BF4B-00C04F79EFBC}") = "UnityEngine.UI", "UnityEngine.UI.csproj", "{07C8D13E-5A25-D8F5-15BE-719D608765DC}"
EndProject
Project("{FAE04EC0-301F-11D3-BF4B-00C04F79EFBC}") = "Unity.Collections", "Unity.Collections.csproj", "{8EB39042-4C83-0C88-7C90-C471F1AD7CC3}"
EndProject
Project("{FAE04EC0-301F-11D3-BF4B-00C04F79EFBC}") = "Unity.2D.SpriteShape.Editor", "Unity.2D.SpriteShape.Editor.csproj", "{129B866E-DDBC-EEC0-0BAA-9D242CE71C84}"
EndProject
Project("{FAE04EC0-301F-11D3-BF4B-00C04F79EFBC}") = "Unity.VisualStudio.Editor", "Unity.VisualStudio.Editor.csproj", "{0E6AD55E-E98D-AF60-0E56-7B4E903D2029}"
EndProject
Project("{FAE04EC0-301F-11D3-BF4B-00C04F79EFBC}") = "com.unity.cinemachine.editor", "com.unity.cinemachine.editor.csproj", "{F5822402-640D-9FAF-767F-6F4C2A5E19DD}"
EndProject
Project("{FAE04EC0-301F-11D3-BF4B-00C04F79EFBC}") = "Unity.2D.Tilemap.Extras.Editor", "Unity.2D.Tilemap.Extras.Editor.csproj", "{E26B4B1F-8F4C-7B9A-3B6B-9FAAEA0202FB}"
EndProject
Project("{FAE04EC0-301F-11D3-BF4B-00C04F79EFBC}") = "Unity.Rider.Editor", "Unity.Rider.Editor.csproj", "{7E2EA5C3-8A66-FA35-F88D-0E4AD723A5AB}"
EndProject
Project("{FAE04EC0-301F-11D3-BF4B-00C04F79EFBC}") = "Unity.InternalAPIEditorBridge.001", "Unity.InternalAPIEditorBridge.001.csproj", "{EB2A71DD-F46D-7506-F9A7-80CD0DED2A9E}"
EndProject
Project("{FAE04EC0-301F-11D3-BF4B-00C04F79EFBC}") = "Unity.2D.SpriteShape.Runtime", "Unity.2D.SpriteShape.Runtime.csproj", "{200DF137-8D57-65E1-E51F-6E2A99083E45}"
EndProject
Project("{FAE04EC0-301F-11D3-BF4B-00C04F79EFBC}") = "Unity.VisualScripting.State.Editor", "Unity.VisualScripting.State.Editor.csproj", "{664961A8-B62D-AB57-0589-3178BB0B970F}"
EndProject
Project("{FAE04EC0-301F-11D3-BF4B-00C04F79EFBC}") = "Unity.2D.Animation.Runtime", "Unity.2D.Animation.Runtime.csproj", "{D5968025-B034-E6A7-289B-E2C5E75682DF}"
EndProject
Project("{FAE04EC0-301F-11D3-BF4B-00C04F79EFBC}") = "Unity.Burst.CodeGen", "Unity.Burst.CodeGen.csproj", "{2788CAF8-F5BE-4D27-4F6B-933A81D881C0}"
EndProject
Project("{FAE04EC0-301F-11D3-BF4B-00C04F79EFBC}") = "Unity.2D.Tilemap.Extras", "Unity.2D.Tilemap.Extras.csproj", "{63BA522F-398F-A7CD-A11C-D76A2142061B}"
EndProject
Project("{FAE04EC0-301F-11D3-BF4B-00C04F79EFBC}") = "Unity.VisualScripting.State", "Unity.VisualScripting.State.csproj", "{1355115A-14F1-AF39-1BB0-7CAB98D15F57}"
EndProject
Project("{FAE04EC0-301F-11D3-BF4B-00C04F79EFBC}") = "Unity.TextMeshPro", "Unity.TextMeshPro.csproj", "{7A0D6A1D-196D-66BB-BBB0-C355A0BE610A}"
EndProject
Project("{FAE04EC0-301F-11D3-BF4B-00C04F79EFBC}") = "Unity.2D.Aseprite.Common", "Unity.2D.Aseprite.Common.csproj", "{033C4965-79DE-87FC-E5C8-D12876E103BB}"
EndProject
Project("{FAE04EC0-301F-11D3-BF4B-00C04F79EFBC}") = "Unity.2D.IK.Editor", "Unity.2D.IK.Editor.csproj", "{89B07363-824A-D437-089C-66E87361BC54}"
EndProject
Project("{FAE04EC0-301F-11D3-BF4B-00C04F79EFBC}") = "Unity.InternalAPIEngineBridge.001", "Unity.InternalAPIEngineBridge.001.csproj", "{2FA6E479-34F3-FE20-74F2-318B1EEC1BAF}"
EndProject
Project("{FAE04EC0-301F-11D3-BF4B-00C04F79EFBC}") = "Unity.Burst.Editor", "Unity.Burst.Editor.csproj", "{6B2FC8F6-715A-F2D7-F50D-50A63D4B3190}"
EndProject
Project("{FAE04EC0-301F-11D3-BF4B-00C04F79EFBC}") = "Unity.2D.Common.Editor", "Unity.2D.Common.Editor.csproj", "{A4EA8C7A-71F0-B044-2908-B20BC1954FA2}"
EndProject
Project("{FAE04EC0-301F-11D3-BF4B-00C04F79EFBC}") = "Unity.2D.Sprite.Editor", "Unity.2D.Sprite.Editor.csproj", "{B019DF94-0D42-3214-7475-1334D34D2719}"
EndProject
Project("{FAE04EC0-301F-11D3-BF4B-00C04F79EFBC}") = "Unity.2D.PixelPerfect", "Unity.2D.PixelPerfect.csproj", "{45519A56-0803-486F-C4E5-BD5478C939D0}"
EndProject
Project("{FAE04EC0-301F-11D3-BF4B-00C04F79EFBC}") = "Unity.2D.PixelPerfect.Editor", "Unity.2D.PixelPerfect.Editor.csproj", "{886D9134-5D45-634D-7A46-09A85AE03E0C}"
EndProject
Project("{FAE04EC0-301F-11D3-BF4B-00C04F79EFBC}") = "Unity.2D.Common.Runtime", "Unity.2D.Common.Runtime.csproj", "{7D71E086-1FF0-E061-444B-C9EFED1ED494}"
EndProject
Project("{FAE04EC0-301F-11D3-BF4B-00C04F79EFBC}") = "Unity.InputSystem.ForUI", "Unity.InputSystem.ForUI.csproj", "{361D0037-3017-ACDF-E25D-D33DC1760E40}"
EndProject
Project("{FAE04EC0-301F-11D3-BF4B-00C04F79EFBC}") = "Unity.Mathematics.Editor", "Unity.Mathematics.Editor.csproj", "{E05A5109-D9A6-EB3B-7DB7-A0C6253B76FD}"
EndProject
Project("{FAE04EC0-301F-11D3-BF4B-00C04F79EFBC}") = "Unity.InputSystem.TestFramework", "Unity.InputSystem.TestFramework.csproj", "{2ACC660B-DE22-0407-9BB3-5170224866BC}"
EndProject
Project("{FAE04EC0-301F-11D3-BF4B-00C04F79EFBC}") = "Unity.Collections.BurstCompatibilityGen", "Unity.Collections.BurstCompatibilityGen.csproj", "{818A3BCD-2C80-27F8-FD31-6573CED3FA1B}"
EndProject
Project("{FAE04EC0-301F-11D3-BF4B-00C04F79EFBC}") = "Unity.InternalAPIEditorBridge.005", "Unity.InternalAPIEditorBridge.005.csproj", "{EBB8F762-9F05-1C88-2D1D-55335EFC93D0}"
EndProject
Project("{FAE04EC0-301F-11D3-BF4B-00C04F79EFBC}") = "Unity.VisualScripting.Shared.Editor", "Unity.VisualScripting.Shared.Editor.csproj", "{7C34EFEF-F004-1FD3-13B7-AA5502F4D56C}"
EndProject
Project("{FAE04EC0-301F-11D3-BF4B-00C04F79EFBC}") = "Unity.Collections.DocCodeSamples", "Unity.Collections.DocCodeSamples.csproj", "{C6D0AB7F-8E6D-2007-4204-E5F79B730EAB}"
EndProject
Project("{FAE04EC0-301F-11D3-BF4B-00C04F79EFBC}") = "Unity.CollabProxy.Editor", "Unity.CollabProxy.Editor.csproj", "{789C4742-2CB9-D7EA-403B-6373A0FA613F}"
EndProject
Global
	GlobalSection(SolutionConfigurationPlatforms) = preSolution
		Debug|Any CPU = Debug|Any CPU
		Release|Any CPU = Release|Any CPU
	EndGlobalSection
	GlobalSection(ProjectConfigurationPlatforms) = postSolution
		{5147A554-1B70-9A78-A305-5F73E89AFF67}.Debug|Any CPU.ActiveCfg = Debug|Any CPU
		{5147A554-1B70-9A78-A305-5F73E89AFF67}.Debug|Any CPU.Build.0 = Debug|Any CPU
		{5147A554-1B70-9A78-A305-5F73E89AFF67}.Release|Any CPU.ActiveCfg = Release|Any CPU
		{5147A554-1B70-9A78-A305-5F73E89AFF67}.Release|Any CPU.Build.0 = Release|Any CPU
		{6D805337-4156-5287-33D1-C129F608224F}.Debug|Any CPU.ActiveCfg = Debug|Any CPU
		{6D805337-4156-5287-33D1-C129F608224F}.Debug|Any CPU.Build.0 = Debug|Any CPU
		{6D805337-4156-5287-33D1-C129F608224F}.Release|Any CPU.ActiveCfg = Release|Any CPU
		{6D805337-4156-5287-33D1-C129F608224F}.Release|Any CPU.Build.0 = Release|Any CPU
		{3C39CA80-F634-B223-3F5C-FF4D552284E4}.Debug|Any CPU.ActiveCfg = Debug|Any CPU
		{3C39CA80-F634-B223-3F5C-FF4D552284E4}.Debug|Any CPU.Build.0 = Debug|Any CPU
		{3C39CA80-F634-B223-3F5C-FF4D552284E4}.Release|Any CPU.ActiveCfg = Release|Any CPU
		{3C39CA80-F634-B223-3F5C-FF4D552284E4}.Release|Any CPU.Build.0 = Release|Any CPU
		{B1B3AD63-F610-9797-7F4A-BEB5C68F006F}.Debug|Any CPU.ActiveCfg = Debug|Any CPU
		{B1B3AD63-F610-9797-7F4A-BEB5C68F006F}.Debug|Any CPU.Build.0 = Debug|Any CPU
		{B1B3AD63-F610-9797-7F4A-BEB5C68F006F}.Release|Any CPU.ActiveCfg = Release|Any CPU
		{B1B3AD63-F610-9797-7F4A-BEB5C68F006F}.Release|Any CPU.Build.0 = Release|Any CPU
		{815C889D-84E8-6E26-958B-74CE31CF550D}.Debug|Any CPU.ActiveCfg = Debug|Any CPU
		{815C889D-84E8-6E26-958B-74CE31CF550D}.Debug|Any CPU.Build.0 = Debug|Any CPU
		{815C889D-84E8-6E26-958B-74CE31CF550D}.Release|Any CPU.ActiveCfg = Release|Any CPU
		{815C889D-84E8-6E26-958B-74CE31CF550D}.Release|Any CPU.Build.0 = Release|Any CPU
		{BF577DAD-B87B-5B0D-B1B8-89A29D24BCB2}.Debug|Any CPU.ActiveCfg = Debug|Any CPU
		{BF577DAD-B87B-5B0D-B1B8-89A29D24BCB2}.Debug|Any CPU.Build.0 = Debug|Any CPU
		{BF577DAD-B87B-5B0D-B1B8-89A29D24BCB2}.Release|Any CPU.ActiveCfg = Release|Any CPU
		{BF577DAD-B87B-5B0D-B1B8-89A29D24BCB2}.Release|Any CPU.Build.0 = Release|Any CPU
		{69E6FFC7-37D4-FA1F-A140-E5930C83C573}.Debug|Any CPU.ActiveCfg = Debug|Any CPU
		{69E6FFC7-37D4-FA1F-A140-E5930C83C573}.Debug|Any CPU.Build.0 = Debug|Any CPU
		{69E6FFC7-37D4-FA1F-A140-E5930C83C573}.Release|Any CPU.ActiveCfg = Release|Any CPU
		{69E6FFC7-37D4-FA1F-A140-E5930C83C573}.Release|Any CPU.Build.0 = Release|Any CPU
		{A3FA94E7-FA5C-493D-2DCA-71337AE3FC61}.Debug|Any CPU.ActiveCfg = Debug|Any CPU
		{A3FA94E7-FA5C-493D-2DCA-71337AE3FC61}.Debug|Any CPU.Build.0 = Debug|Any CPU
		{A3FA94E7-FA5C-493D-2DCA-71337AE3FC61}.Release|Any CPU.ActiveCfg = Release|Any CPU
		{A3FA94E7-FA5C-493D-2DCA-71337AE3FC61}.Release|Any CPU.Build.0 = Release|Any CPU
		{9DFE7A01-7FE2-6FCE-4C02-90253941B000}.Debug|Any CPU.ActiveCfg = Debug|Any CPU
		{9DFE7A01-7FE2-6FCE-4C02-90253941B000}.Debug|Any CPU.Build.0 = Debug|Any CPU
		{9DFE7A01-7FE2-6FCE-4C02-90253941B000}.Release|Any CPU.ActiveCfg = Release|Any CPU
		{9DFE7A01-7FE2-6FCE-4C02-90253941B000}.Release|Any CPU.Build.0 = Release|Any CPU
		{8003E74E-3DAE-5718-560B-670D4AF09A23}.Debug|Any CPU.ActiveCfg = Debug|Any CPU
		{8003E74E-3DAE-5718-560B-670D4AF09A23}.Debug|Any CPU.Build.0 = Debug|Any CPU
		{8003E74E-3DAE-5718-560B-670D4AF09A23}.Release|Any CPU.ActiveCfg = Release|Any CPU
		{8003E74E-3DAE-5718-560B-670D4AF09A23}.Release|Any CPU.Build.0 = Release|Any CPU
		{85867738-2DE3-54C0-A8E1-D9EBDB1AB8D7}.Debug|Any CPU.ActiveCfg = Debug|Any CPU
		{85867738-2DE3-54C0-A8E1-D9EBDB1AB8D7}.Debug|Any CPU.Build.0 = Debug|Any CPU
		{85867738-2DE3-54C0-A8E1-D9EBDB1AB8D7}.Release|Any CPU.ActiveCfg = Release|Any CPU
		{85867738-2DE3-54C0-A8E1-D9EBDB1AB8D7}.Release|Any CPU.Build.0 = Release|Any CPU
		{4ADB48AC-25C0-58CC-D4C3-61CFEFF1FBC2}.Debug|Any CPU.ActiveCfg = Debug|Any CPU
		{4ADB48AC-25C0-58CC-D4C3-61CFEFF1FBC2}.Debug|Any CPU.Build.0 = Debug|Any CPU
		{4ADB48AC-25C0-58CC-D4C3-61CFEFF1FBC2}.Release|Any CPU.ActiveCfg = Release|Any CPU
		{4ADB48AC-25C0-58CC-D4C3-61CFEFF1FBC2}.Release|Any CPU.Build.0 = Release|Any CPU
		{1EA8A19C-52F5-CCE1-B297-744EF324B708}.Debug|Any CPU.ActiveCfg = Debug|Any CPU
		{1EA8A19C-52F5-CCE1-B297-744EF324B708}.Debug|Any CPU.Build.0 = Debug|Any CPU
		{1EA8A19C-52F5-CCE1-B297-744EF324B708}.Release|Any CPU.ActiveCfg = Release|Any CPU
		{1EA8A19C-52F5-CCE1-B297-744EF324B708}.Release|Any CPU.Build.0 = Release|Any CPU
		{A15F6C3E-66B8-B812-5BF6-03B7BDA2049E}.Debug|Any CPU.ActiveCfg = Debug|Any CPU
		{A15F6C3E-66B8-B812-5BF6-03B7BDA2049E}.Debug|Any CPU.Build.0 = Debug|Any CPU
		{A15F6C3E-66B8-B812-5BF6-03B7BDA2049E}.Release|Any CPU.ActiveCfg = Release|Any CPU
		{A15F6C3E-66B8-B812-5BF6-03B7BDA2049E}.Release|Any CPU.Build.0 = Release|Any CPU
		{281CEAB8-063B-7DD4-375C-4DAFD72367B6}.Debug|Any CPU.ActiveCfg = Debug|Any CPU
		{281CEAB8-063B-7DD4-375C-4DAFD72367B6}.Debug|Any CPU.Build.0 = Debug|Any CPU
		{281CEAB8-063B-7DD4-375C-4DAFD72367B6}.Release|Any CPU.ActiveCfg = Release|Any CPU
		{281CEAB8-063B-7DD4-375C-4DAFD72367B6}.Release|Any CPU.Build.0 = Release|Any CPU
		{543FA1D8-05DD-0B2D-5C85-3BD7BB9BC9B6}.Debug|Any CPU.ActiveCfg = Debug|Any CPU
		{543FA1D8-05DD-0B2D-5C85-3BD7BB9BC9B6}.Debug|Any CPU.Build.0 = Debug|Any CPU
		{543FA1D8-05DD-0B2D-5C85-3BD7BB9BC9B6}.Release|Any CPU.ActiveCfg = Release|Any CPU
		{543FA1D8-05DD-0B2D-5C85-3BD7BB9BC9B6}.Release|Any CPU.Build.0 = Release|Any CPU
		{EEB2B1BF-78A4-FE29-EC5B-AA9CD78F495F}.Debug|Any CPU.ActiveCfg = Debug|Any CPU
		{EEB2B1BF-78A4-FE29-EC5B-AA9CD78F495F}.Debug|Any CPU.Build.0 = Debug|Any CPU
		{EEB2B1BF-78A4-FE29-EC5B-AA9CD78F495F}.Release|Any CPU.ActiveCfg = Release|Any CPU
		{EEB2B1BF-78A4-FE29-EC5B-AA9CD78F495F}.Release|Any CPU.Build.0 = Release|Any CPU
		{A331335A-754E-5762-4E5A-F7C926A3F826}.Debug|Any CPU.ActiveCfg = Debug|Any CPU
		{A331335A-754E-5762-4E5A-F7C926A3F826}.Debug|Any CPU.Build.0 = Debug|Any CPU
		{A331335A-754E-5762-4E5A-F7C926A3F826}.Release|Any CPU.ActiveCfg = Release|Any CPU
		{A331335A-754E-5762-4E5A-F7C926A3F826}.Release|Any CPU.Build.0 = Release|Any CPU
		{9923BDE6-C8CA-5854-B6A7-044B8D44B3C0}.Debug|Any CPU.ActiveCfg = Debug|Any CPU
		{9923BDE6-C8CA-5854-B6A7-044B8D44B3C0}.Debug|Any CPU.Build.0 = Debug|Any CPU
		{9923BDE6-C8CA-5854-B6A7-044B8D44B3C0}.Release|Any CPU.ActiveCfg = Release|Any CPU
		{9923BDE6-C8CA-5854-B6A7-044B8D44B3C0}.Release|Any CPU.Build.0 = Release|Any CPU
		{7E28A2D3-7653-E4BC-43E7-9EA8BE4E43B0}.Debug|Any CPU.ActiveCfg = Debug|Any CPU
		{7E28A2D3-7653-E4BC-43E7-9EA8BE4E43B0}.Debug|Any CPU.Build.0 = Debug|Any CPU
		{7E28A2D3-7653-E4BC-43E7-9EA8BE4E43B0}.Release|Any CPU.ActiveCfg = Release|Any CPU
		{7E28A2D3-7653-E4BC-43E7-9EA8BE4E43B0}.Release|Any CPU.Build.0 = Release|Any CPU
		{092D25D5-598E-6F02-A481-299D2999DF75}.Debug|Any CPU.ActiveCfg = Debug|Any CPU
		{092D25D5-598E-6F02-A481-299D2999DF75}.Debug|Any CPU.Build.0 = Debug|Any CPU
		{092D25D5-598E-6F02-A481-299D2999DF75}.Release|Any CPU.ActiveCfg = Release|Any CPU
		{092D25D5-598E-6F02-A481-299D2999DF75}.Release|Any CPU.Build.0 = Release|Any CPU
		{88760A0E-16A8-4A73-1A3A-1818E8C6D40A}.Debug|Any CPU.ActiveCfg = Debug|Any CPU
		{88760A0E-16A8-4A73-1A3A-1818E8C6D40A}.Debug|Any CPU.Build.0 = Debug|Any CPU
		{88760A0E-16A8-4A73-1A3A-1818E8C6D40A}.Release|Any CPU.ActiveCfg = Release|Any CPU
		{88760A0E-16A8-4A73-1A3A-1818E8C6D40A}.Release|Any CPU.Build.0 = Release|Any CPU
		{697AAE9D-984B-13F6-9437-B01DAC4A2C28}.Debug|Any CPU.ActiveCfg = Debug|Any CPU
		{697AAE9D-984B-13F6-9437-B01DAC4A2C28}.Debug|Any CPU.Build.0 = Debug|Any CPU
		{697AAE9D-984B-13F6-9437-B01DAC4A2C28}.Release|Any CPU.ActiveCfg = Release|Any CPU
		{697AAE9D-984B-13F6-9437-B01DAC4A2C28}.Release|Any CPU.Build.0 = Release|Any CPU
		{7BB86242-9C89-C779-9AFD-54CBFED55700}.Debug|Any CPU.ActiveCfg = Debug|Any CPU
		{7BB86242-9C89-C779-9AFD-54CBFED55700}.Debug|Any CPU.Build.0 = Debug|Any CPU
		{7BB86242-9C89-C779-9AFD-54CBFED55700}.Release|Any CPU.ActiveCfg = Release|Any CPU
		{7BB86242-9C89-C779-9AFD-54CBFED55700}.Release|Any CPU.Build.0 = Release|Any CPU
		{07C8D13E-5A25-D8F5-15BE-719D608765DC}.Debug|Any CPU.ActiveCfg = Debug|Any CPU
		{07C8D13E-5A25-D8F5-15BE-719D608765DC}.Debug|Any CPU.Build.0 = Debug|Any CPU
		{07C8D13E-5A25-D8F5-15BE-719D608765DC}.Release|Any CPU.ActiveCfg = Release|Any CPU
		{07C8D13E-5A25-D8F5-15BE-719D608765DC}.Release|Any CPU.Build.0 = Release|Any CPU
		{8EB39042-4C83-0C88-7C90-C471F1AD7CC3}.Debug|Any CPU.ActiveCfg = Debug|Any CPU
		{8EB39042-4C83-0C88-7C90-C471F1AD7CC3}.Debug|Any CPU.Build.0 = Debug|Any CPU
		{8EB39042-4C83-0C88-7C90-C471F1AD7CC3}.Release|Any CPU.ActiveCfg = Release|Any CPU
		{8EB39042-4C83-0C88-7C90-C471F1AD7CC3}.Release|Any CPU.Build.0 = Release|Any CPU
		{129B866E-DDBC-EEC0-0BAA-9D242CE71C84}.Debug|Any CPU.ActiveCfg = Debug|Any CPU
		{129B866E-DDBC-EEC0-0BAA-9D242CE71C84}.Debug|Any CPU.Build.0 = Debug|Any CPU
		{129B866E-DDBC-EEC0-0BAA-9D242CE71C84}.Release|Any CPU.ActiveCfg = Release|Any CPU
		{129B866E-DDBC-EEC0-0BAA-9D242CE71C84}.Release|Any CPU.Build.0 = Release|Any CPU
		{0E6AD55E-E98D-AF60-0E56-7B4E903D2029}.Debug|Any CPU.ActiveCfg = Debug|Any CPU
		{0E6AD55E-E98D-AF60-0E56-7B4E903D2029}.Debug|Any CPU.Build.0 = Debug|Any CPU
		{0E6AD55E-E98D-AF60-0E56-7B4E903D2029}.Release|Any CPU.ActiveCfg = Release|Any CPU
		{0E6AD55E-E98D-AF60-0E56-7B4E903D2029}.Release|Any CPU.Build.0 = Release|Any CPU
		{F5822402-640D-9FAF-767F-6F4C2A5E19DD}.Debug|Any CPU.ActiveCfg = Debug|Any CPU
		{F5822402-640D-9FAF-767F-6F4C2A5E19DD}.Debug|Any CPU.Build.0 = Debug|Any CPU
		{F5822402-640D-9FAF-767F-6F4C2A5E19DD}.Release|Any CPU.ActiveCfg = Release|Any CPU
		{F5822402-640D-9FAF-767F-6F4C2A5E19DD}.Release|Any CPU.Build.0 = Release|Any CPU
		{E26B4B1F-8F4C-7B9A-3B6B-9FAAEA0202FB}.Debug|Any CPU.ActiveCfg = Debug|Any CPU
		{E26B4B1F-8F4C-7B9A-3B6B-9FAAEA0202FB}.Debug|Any CPU.Build.0 = Debug|Any CPU
		{E26B4B1F-8F4C-7B9A-3B6B-9FAAEA0202FB}.Release|Any CPU.ActiveCfg = Release|Any CPU
		{E26B4B1F-8F4C-7B9A-3B6B-9FAAEA0202FB}.Release|Any CPU.Build.0 = Release|Any CPU
		{7E2EA5C3-8A66-FA35-F88D-0E4AD723A5AB}.Debug|Any CPU.ActiveCfg = Debug|Any CPU
		{7E2EA5C3-8A66-FA35-F88D-0E4AD723A5AB}.Debug|Any CPU.Build.0 = Debug|Any CPU
		{7E2EA5C3-8A66-FA35-F88D-0E4AD723A5AB}.Release|Any CPU.ActiveCfg = Release|Any CPU
		{7E2EA5C3-8A66-FA35-F88D-0E4AD723A5AB}.Release|Any CPU.Build.0 = Release|Any CPU
		{EB2A71DD-F46D-7506-F9A7-80CD0DED2A9E}.Debug|Any CPU.ActiveCfg = Debug|Any CPU
		{EB2A71DD-F46D-7506-F9A7-80CD0DED2A9E}.Debug|Any CPU.Build.0 = Debug|Any CPU
		{EB2A71DD-F46D-7506-F9A7-80CD0DED2A9E}.Release|Any CPU.ActiveCfg = Release|Any CPU
		{EB2A71DD-F46D-7506-F9A7-80CD0DED2A9E}.Release|Any CPU.Build.0 = Release|Any CPU
		{200DF137-8D57-65E1-E51F-6E2A99083E45}.Debug|Any CPU.ActiveCfg = Debug|Any CPU
		{200DF137-8D57-65E1-E51F-6E2A99083E45}.Debug|Any CPU.Build.0 = Debug|Any CPU
		{200DF137-8D57-65E1-E51F-6E2A99083E45}.Release|Any CPU.ActiveCfg = Release|Any CPU
		{200DF137-8D57-65E1-E51F-6E2A99083E45}.Release|Any CPU.Build.0 = Release|Any CPU
		{664961A8-B62D-AB57-0589-3178BB0B970F}.Debug|Any CPU.ActiveCfg = Debug|Any CPU
		{664961A8-B62D-AB57-0589-3178BB0B970F}.Debug|Any CPU.Build.0 = Debug|Any CPU
		{664961A8-B62D-AB57-0589-3178BB0B970F}.Release|Any CPU.ActiveCfg = Release|Any CPU
		{664961A8-B62D-AB57-0589-3178BB0B970F}.Release|Any CPU.Build.0 = Release|Any CPU
		{D5968025-B034-E6A7-289B-E2C5E75682DF}.Debug|Any CPU.ActiveCfg = Debug|Any CPU
		{D5968025-B034-E6A7-289B-E2C5E75682DF}.Debug|Any CPU.Build.0 = Debug|Any CPU
		{D5968025-B034-E6A7-289B-E2C5E75682DF}.Release|Any CPU.ActiveCfg = Release|Any CPU
		{D5968025-B034-E6A7-289B-E2C5E75682DF}.Release|Any CPU.Build.0 = Release|Any CPU
		{2788CAF8-F5BE-4D27-4F6B-933A81D881C0}.Debug|Any CPU.ActiveCfg = Debug|Any CPU
		{2788CAF8-F5BE-4D27-4F6B-933A81D881C0}.Debug|Any CPU.Build.0 = Debug|Any CPU
		{2788CAF8-F5BE-4D27-4F6B-933A81D881C0}.Release|Any CPU.ActiveCfg = Release|Any CPU
		{2788CAF8-F5BE-4D27-4F6B-933A81D881C0}.Release|Any CPU.Build.0 = Release|Any CPU
		{63BA522F-398F-A7CD-A11C-D76A2142061B}.Debug|Any CPU.ActiveCfg = Debug|Any CPU
		{63BA522F-398F-A7CD-A11C-D76A2142061B}.Debug|Any CPU.Build.0 = Debug|Any CPU
		{63BA522F-398F-A7CD-A11C-D76A2142061B}.Release|Any CPU.ActiveCfg = Release|Any CPU
		{63BA522F-398F-A7CD-A11C-D76A2142061B}.Release|Any CPU.Build.0 = Release|Any CPU
		{1355115A-14F1-AF39-1BB0-7CAB98D15F57}.Debug|Any CPU.ActiveCfg = Debug|Any CPU
		{1355115A-14F1-AF39-1BB0-7CAB98D15F57}.Debug|Any CPU.Build.0 = Debug|Any CPU
		{1355115A-14F1-AF39-1BB0-7CAB98D15F57}.Release|Any CPU.ActiveCfg = Release|Any CPU
		{1355115A-14F1-AF39-1BB0-7CAB98D15F57}.Release|Any CPU.Build.0 = Release|Any CPU
		{7A0D6A1D-196D-66BB-BBB0-C355A0BE610A}.Debug|Any CPU.ActiveCfg = Debug|Any CPU
		{7A0D6A1D-196D-66BB-BBB0-C355A0BE610A}.Debug|Any CPU.Build.0 = Debug|Any CPU
		{7A0D6A1D-196D-66BB-BBB0-C355A0BE610A}.Release|Any CPU.ActiveCfg = Release|Any CPU
		{7A0D6A1D-196D-66BB-BBB0-C355A0BE610A}.Release|Any CPU.Build.0 = Release|Any CPU
		{033C4965-79DE-87FC-E5C8-D12876E103BB}.Debug|Any CPU.ActiveCfg = Debug|Any CPU
		{033C4965-79DE-87FC-E5C8-D12876E103BB}.Debug|Any CPU.Build.0 = Debug|Any CPU
		{033C4965-79DE-87FC-E5C8-D12876E103BB}.Release|Any CPU.ActiveCfg = Release|Any CPU
		{033C4965-79DE-87FC-E5C8-D12876E103BB}.Release|Any CPU.Build.0 = Release|Any CPU
		{89B07363-824A-D437-089C-66E87361BC54}.Debug|Any CPU.ActiveCfg = Debug|Any CPU
		{89B07363-824A-D437-089C-66E87361BC54}.Debug|Any CPU.Build.0 = Debug|Any CPU
		{89B07363-824A-D437-089C-66E87361BC54}.Release|Any CPU.ActiveCfg = Release|Any CPU
		{89B07363-824A-D437-089C-66E87361BC54}.Release|Any CPU.Build.0 = Release|Any CPU
		{2FA6E479-34F3-FE20-74F2-318B1EEC1BAF}.Debug|Any CPU.ActiveCfg = Debug|Any CPU
		{2FA6E479-34F3-FE20-74F2-318B1EEC1BAF}.Debug|Any CPU.Build.0 = Debug|Any CPU
		{2FA6E479-34F3-FE20-74F2-318B1EEC1BAF}.Release|Any CPU.ActiveCfg = Release|Any CPU
		{2FA6E479-34F3-FE20-74F2-318B1EEC1BAF}.Release|Any CPU.Build.0 = Release|Any CPU
		{6B2FC8F6-715A-F2D7-F50D-50A63D4B3190}.Debug|Any CPU.ActiveCfg = Debug|Any CPU
		{6B2FC8F6-715A-F2D7-F50D-50A63D4B3190}.Debug|Any CPU.Build.0 = Debug|Any CPU
		{6B2FC8F6-715A-F2D7-F50D-50A63D4B3190}.Release|Any CPU.ActiveCfg = Release|Any CPU
		{6B2FC8F6-715A-F2D7-F50D-50A63D4B3190}.Release|Any CPU.Build.0 = Release|Any CPU
		{A4EA8C7A-71F0-B044-2908-B20BC1954FA2}.Debug|Any CPU.ActiveCfg = Debug|Any CPU
		{A4EA8C7A-71F0-B044-2908-B20BC1954FA2}.Debug|Any CPU.Build.0 = Debug|Any CPU
		{A4EA8C7A-71F0-B044-2908-B20BC1954FA2}.Release|Any CPU.ActiveCfg = Release|Any CPU
		{A4EA8C7A-71F0-B044-2908-B20BC1954FA2}.Release|Any CPU.Build.0 = Release|Any CPU
		{B019DF94-0D42-3214-7475-1334D34D2719}.Debug|Any CPU.ActiveCfg = Debug|Any CPU
		{B019DF94-0D42-3214-7475-1334D34D2719}.Debug|Any CPU.Build.0 = Debug|Any CPU
		{B019DF94-0D42-3214-7475-1334D34D2719}.Release|Any CPU.ActiveCfg = Release|Any CPU
		{B019DF94-0D42-3214-7475-1334D34D2719}.Release|Any CPU.Build.0 = Release|Any CPU
		{45519A56-0803-486F-C4E5-BD5478C939D0}.Debug|Any CPU.ActiveCfg = Debug|Any CPU
		{45519A56-0803-486F-C4E5-BD5478C939D0}.Debug|Any CPU.Build.0 = Debug|Any CPU
		{45519A56-0803-486F-C4E5-BD5478C939D0}.Release|Any CPU.ActiveCfg = Release|Any CPU
		{45519A56-0803-486F-C4E5-BD5478C939D0}.Release|Any CPU.Build.0 = Release|Any CPU
		{886D9134-5D45-634D-7A46-09A85AE03E0C}.Debug|Any CPU.ActiveCfg = Debug|Any CPU
		{886D9134-5D45-634D-7A46-09A85AE03E0C}.Debug|Any CPU.Build.0 = Debug|Any CPU
		{886D9134-5D45-634D-7A46-09A85AE03E0C}.Release|Any CPU.ActiveCfg = Release|Any CPU
		{886D9134-5D45-634D-7A46-09A85AE03E0C}.Release|Any CPU.Build.0 = Release|Any CPU
		{7D71E086-1FF0-E061-444B-C9EFED1ED494}.Debug|Any CPU.ActiveCfg = Debug|Any CPU
		{7D71E086-1FF0-E061-444B-C9EFED1ED494}.Debug|Any CPU.Build.0 = Debug|Any CPU
		{7D71E086-1FF0-E061-444B-C9EFED1ED494}.Release|Any CPU.ActiveCfg = Release|Any CPU
		{7D71E086-1FF0-E061-444B-C9EFED1ED494}.Release|Any CPU.Build.0 = Release|Any CPU
		{361D0037-3017-ACDF-E25D-D33DC1760E40}.Debug|Any CPU.ActiveCfg = Debug|Any CPU
		{361D0037-3017-ACDF-E25D-D33DC1760E40}.Debug|Any CPU.Build.0 = Debug|Any CPU
		{361D0037-3017-ACDF-E25D-D33DC1760E40}.Release|Any CPU.ActiveCfg = Release|Any CPU
		{361D0037-3017-ACDF-E25D-D33DC1760E40}.Release|Any CPU.Build.0 = Release|Any CPU
		{E05A5109-D9A6-EB3B-7DB7-A0C6253B76FD}.Debug|Any CPU.ActiveCfg = Debug|Any CPU
		{E05A5109-D9A6-EB3B-7DB7-A0C6253B76FD}.Debug|Any CPU.Build.0 = Debug|Any CPU
		{E05A5109-D9A6-EB3B-7DB7-A0C6253B76FD}.Release|Any CPU.ActiveCfg = Release|Any CPU
		{E05A5109-D9A6-EB3B-7DB7-A0C6253B76FD}.Release|Any CPU.Build.0 = Release|Any CPU
		{2ACC660B-DE22-0407-9BB3-5170224866BC}.Debug|Any CPU.ActiveCfg = Debug|Any CPU
		{2ACC660B-DE22-0407-9BB3-5170224866BC}.Debug|Any CPU.Build.0 = Debug|Any CPU
		{2ACC660B-DE22-0407-9BB3-5170224866BC}.Release|Any CPU.ActiveCfg = Release|Any CPU
		{2ACC660B-DE22-0407-9BB3-5170224866BC}.Release|Any CPU.Build.0 = Release|Any CPU
		{818A3BCD-2C80-27F8-FD31-6573CED3FA1B}.Debug|Any CPU.ActiveCfg = Debug|Any CPU
		{818A3BCD-2C80-27F8-FD31-6573CED3FA1B}.Debug|Any CPU.Build.0 = Debug|Any CPU
		{818A3BCD-2C80-27F8-FD31-6573CED3FA1B}.Release|Any CPU.ActiveCfg = Release|Any CPU
		{818A3BCD-2C80-27F8-FD31-6573CED3FA1B}.Release|Any CPU.Build.0 = Release|Any CPU
		{EBB8F762-9F05-1C88-2D1D-55335EFC93D0}.Debug|Any CPU.ActiveCfg = Debug|Any CPU
		{EBB8F762-9F05-1C88-2D1D-55335EFC93D0}.Debug|Any CPU.Build.0 = Debug|Any CPU
		{EBB8F762-9F05-1C88-2D1D-55335EFC93D0}.Release|Any CPU.ActiveCfg = Release|Any CPU
		{EBB8F762-9F05-1C88-2D1D-55335EFC93D0}.Release|Any CPU.Build.0 = Release|Any CPU
		{7C34EFEF-F004-1FD3-13B7-AA5502F4D56C}.Debug|Any CPU.ActiveCfg = Debug|Any CPU
		{7C34EFEF-F004-1FD3-13B7-AA5502F4D56C}.Debug|Any CPU.Build.0 = Debug|Any CPU
		{7C34EFEF-F004-1FD3-13B7-AA5502F4D56C}.Release|Any CPU.ActiveCfg = Release|Any CPU
		{7C34EFEF-F004-1FD3-13B7-AA5502F4D56C}.Release|Any CPU.Build.0 = Release|Any CPU
		{C6D0AB7F-8E6D-2007-4204-E5F79B730EAB}.Debug|Any CPU.ActiveCfg = Debug|Any CPU
		{C6D0AB7F-8E6D-2007-4204-E5F79B730EAB}.Debug|Any CPU.Build.0 = Debug|Any CPU
		{C6D0AB7F-8E6D-2007-4204-E5F79B730EAB}.Release|Any CPU.ActiveCfg = Release|Any CPU
		{C6D0AB7F-8E6D-2007-4204-E5F79B730EAB}.Release|Any CPU.Build.0 = Release|Any CPU
		{789C4742-2CB9-D7EA-403B-6373A0FA613F}.Debug|Any CPU.ActiveCfg = Debug|Any CPU
		{789C4742-2CB9-D7EA-403B-6373A0FA613F}.Debug|Any CPU.Build.0 = Debug|Any CPU
		{789C4742-2CB9-D7EA-403B-6373A0FA613F}.Release|Any CPU.ActiveCfg = Release|Any CPU
		{789C4742-2CB9-D7EA-403B-6373A0FA613F}.Release|Any CPU.Build.0 = Release|Any CPU
	EndGlobalSection
	GlobalSection(SolutionProperties) = preSolution
		HideSolutionNode = FALSE
	EndGlobalSection
EndGlobal
